
Microsoft Visual Studio Solution File, Format Version 12.00
# Visual Studio 2013
VisualStudioVersion = 12.0.30501.0
MinimumVisualStudioVersion = 10.0.40219.1
Project("{2150E333-8FDC-42A3-9474-1A3956D46DE8}") = "CreationalPatterns", "CreationalPatterns", "{F62DD072-A5A4-40D8-AFFD-6BF418522E78}"
EndProject
Project("{FAE04EC0-301F-11D3-BF4B-00C04F79EFBC}") = "FactoryPattern", "FactoryPattern\FactoryPattern.csproj", "{7E24DBAB-0B45-451A-A09C-DC1990C7A9A7}"
EndProject
Project("{FAE04EC0-301F-11D3-BF4B-00C04F79EFBC}") = "FactoryMethodPattern", "FactoryMethodPattern\FactoryMethodPattern.csproj", "{F4B8D6A9-0850-4966-A163-A5B3BA178398}"
EndProject
Project("{FAE04EC0-301F-11D3-BF4B-00C04F79EFBC}") = "AbstractFactoryPattern", "AbstractFactoryPattern\AbstractFactoryPattern.csproj", "{10275403-67AA-4809-A8B4-BA87E2A4419C}"
EndProject
Project("{FAE04EC0-301F-11D3-BF4B-00C04F79EFBC}") = "SingletonPattern", "SingletonPattern\SingletonPattern.csproj", "{03C08954-9724-45B7-BEFD-41FF594E973A}"
EndProject
Project("{2150E333-8FDC-42A3-9474-1A3956D46DE8}") = ".nuget", ".nuget", "{8D560525-BDAB-4035-BED8-781F67C2A5A4}"
	ProjectSection(SolutionItems) = preProject
		.nuget\NuGet.Config = .nuget\NuGet.Config
		.nuget\NuGet.exe = .nuget\NuGet.exe
		.nuget\NuGet.targets = .nuget\NuGet.targets
	EndProjectSection
EndProject
Project("{FAE04EC0-301F-11D3-BF4B-00C04F79EFBC}") = "BuilderPattern", "BuilderPattern\BuilderPattern.csproj", "{179DC1AB-CE6C-48FE-8648-D154674E8E1D}"
EndProject
Global
	GlobalSection(SolutionConfigurationPlatforms) = preSolution
		Debug|Any CPU = Debug|Any CPU
		Release|Any CPU = Release|Any CPU
	EndGlobalSection
	GlobalSection(ProjectConfigurationPlatforms) = postSolution
		{7E24DBAB-0B45-451A-A09C-DC1990C7A9A7}.Debug|Any CPU.ActiveCfg = Debug|Any CPU
		{7E24DBAB-0B45-451A-A09C-DC1990C7A9A7}.Debug|Any CPU.Build.0 = Debug|Any CPU
		{7E24DBAB-0B45-451A-A09C-DC1990C7A9A7}.Release|Any CPU.ActiveCfg = Release|Any CPU
		{7E24DBAB-0B45-451A-A09C-DC1990C7A9A7}.Release|Any CPU.Build.0 = Release|Any CPU
		{F4B8D6A9-0850-4966-A163-A5B3BA178398}.Debug|Any CPU.ActiveCfg = Debug|Any CPU
		{F4B8D6A9-0850-4966-A163-A5B3BA178398}.Debug|Any CPU.Build.0 = Debug|Any CPU
		{F4B8D6A9-0850-4966-A163-A5B3BA178398}.Release|Any CPU.ActiveCfg = Release|Any CPU
		{F4B8D6A9-0850-4966-A163-A5B3BA178398}.Release|Any CPU.Build.0 = Release|Any CPU
		{10275403-67AA-4809-A8B4-BA87E2A4419C}.Debug|Any CPU.ActiveCfg = Debug|Any CPU
		{10275403-67AA-4809-A8B4-BA87E2A4419C}.Debug|Any CPU.Build.0 = Debug|Any CPU
		{10275403-67AA-4809-A8B4-BA87E2A4419C}.Release|Any CPU.ActiveCfg = Release|Any CPU
		{10275403-67AA-4809-A8B4-BA87E2A4419C}.Release|Any CPU.Build.0 = Release|Any CPU
		{03C08954-9724-45B7-BEFD-41FF594E973A}.Debug|Any CPU.ActiveCfg = Debug|Any CPU
		{03C08954-9724-45B7-BEFD-41FF594E973A}.Debug|Any CPU.Build.0 = Debug|Any CPU
		{03C08954-9724-45B7-BEFD-41FF594E973A}.Release|Any CPU.ActiveCfg = Release|Any CPU
		{03C08954-9724-45B7-BEFD-41FF594E973A}.Release|Any CPU.Build.0 = Release|Any CPU
		{179DC1AB-CE6C-48FE-8648-D154674E8E1D}.Debug|Any CPU.ActiveCfg = Debug|Any CPU
		{179DC1AB-CE6C-48FE-8648-D154674E8E1D}.Debug|Any CPU.Build.0 = Debug|Any CPU
		{179DC1AB-CE6C-48FE-8648-D154674E8E1D}.Release|Any CPU.ActiveCfg = Release|Any CPU
		{179DC1AB-CE6C-48FE-8648-D154674E8E1D}.Release|Any CPU.Build.0 = Release|Any CPU
	EndGlobalSection
	GlobalSection(SolutionProperties) = preSolution
		HideSolutionNode = FALSE
	EndGlobalSection
	GlobalSection(NestedProjects) = preSolution
		{7E24DBAB-0B45-451A-A09C-DC1990C7A9A7} = {F62DD072-A5A4-40D8-AFFD-6BF418522E78}
		{F4B8D6A9-0850-4966-A163-A5B3BA178398} = {F62DD072-A5A4-40D8-AFFD-6BF418522E78}
		{10275403-67AA-4809-A8B4-BA87E2A4419C} = {F62DD072-A5A4-40D8-AFFD-6BF418522E78}
		{03C08954-9724-45B7-BEFD-41FF594E973A} = {F62DD072-A5A4-40D8-AFFD-6BF418522E78}
		{179DC1AB-CE6C-48FE-8648-D154674E8E1D} = {F62DD072-A5A4-40D8-AFFD-6BF418522E78}
	EndGlobalSection
EndGlobal
